<Solution>
  <Folder Name="/0 - API/">
    <Project Path="MiniHub.API/MiniHub.API.csproj" />
  </Folder>
  <Folder Name="/1 - Application/">
    <Project Path="MiniHub.App/MiniHub.App.csproj" />
  </Folder>
  <Folder Name="/2 - Domain/">
    <Project Path="MiniHub.Domain/MiniHub.Domain.csproj" />
  </Folder>
  <Folder Name="/3 - Infra/">
    <Project Path="MiniHub.Infra/MiniHub.Infra.csproj" />
  </Folder>
</Solution>
